// !$*UTF8*$!
{
	archiveVersion = 1;
	classes = {
	};
	objectVersion = 56;
	objects = {

/* Begin PBXBuildFile section */
		50C9185F262CDC7B8713F6AC /* Pods_AvonyaTests.framework in Frameworks */ = {isa = PBXBuildFile; fileRef = 83B9EB3D6BF964977150503B /* Pods_AvonyaTests.framework */; };
		8E27A5E45B618926153D3518 /* Pods_Avonya_AvonyaUITests.framework in Frameworks */ = {isa = PBXBuildFile; fileRef = 9EE5CAAE7ECE8B1CA0807E0A /* Pods_Avonya_AvonyaUITests.framework */; };
		93A1FBE2EB3D301457074CDD /* Pods_Avonya.framework in Frameworks */ = {isa = PBXBuildFile; fileRef = 9013D9CAF2BA4553D5805E33 /* Pods_Avonya.framework */; };
		CC3791A12AE6CAC100963C90 /* AppDelegate.swift in Sources */ = {isa = PBXBuildFile; fileRef = CC3791A02AE6CAC100963C90 /* AppDelegate.swift */; };
		CC3791A32AE6CAC100963C90 /* SceneDelegate.swift in Sources */ = {isa = PBXBuildFile; fileRef = CC3791A22AE6CAC100963C90 /* SceneDelegate.swift */; };
		CC3791A52AE6CAC100963C90 /* ViewController.swift in Sources */ = {isa = PBXBuildFile; fileRef = CC3791A42AE6CAC100963C90 /* ViewController.swift */; };
		CC3791A82AE6CAC100963C90 /* Main.storyboard in Resources */ = {isa = PBXBuildFile; fileRef = CC3791A62AE6CAC100963C90 /* Main.storyboard */; };
		CC3791AA2AE6CAC500963C90 /* Assets.xcassets in Resources */ = {isa = PBXBuildFile; fileRef = CC3791A92AE6CAC500963C90 /* Assets.xcassets */; };
		CC3791AD2AE6CAC500963C90 /* LaunchScreen.storyboard in Resources */ = {isa = PBXBuildFile; fileRef = CC3791AB2AE6CAC500963C90 /* LaunchScreen.storyboard */; };
		CC3791B82AE6CAC500963C90 /* AvonyaTests.swift in Sources */ = {isa = PBXBuildFile; fileRef = CC3791B72AE6CAC500963C90 /* AvonyaTests.swift */; };
		CC3791C22AE6CAC500963C90 /* AvonyaUITests.swift in Sources */ = {isa = PBXBuildFile; fileRef = CC3791C12AE6CAC500963C90 /* AvonyaUITests.swift */; };
		CC3791C42AE6CAC500963C90 /* AvonyaUITestsLaunchTests.swift in Sources */ = {isa = PBXBuildFile; fileRef = CC3791C32AE6CAC500963C90 /* AvonyaUITestsLaunchTests.swift */; };
		CC3791D32AE6CF7000963C90 /* Mandelbrot_sequence_new.gif in Resources */ = {isa = PBXBuildFile; fileRef = CC3791D22AE6CF7000963C90 /* Mandelbrot_sequence_new.gif */; };
/* End PBXBuildFile section */

/* Begin PBXContainerItemProxy section */
		CC3791B42AE6CAC500963C90 /* PBXContainerItemProxy */ = {
			isa = PBXContainerItemProxy;
			containerPortal = CC3791952AE6CAC100963C90 /* Project object */;
			proxyType = 1;
			remoteGlobalIDString = CC37919C2AE6CAC100963C90;
			remoteInfo = Avonya;
		};
		CC3791BE2AE6CAC500963C90 /* PBXContainerItemProxy */ = {
			isa = PBXContainerItemProxy;
			containerPortal = CC3791952AE6CAC100963C90 /* Project object */;
			proxyType = 1;
			remoteGlobalIDString = CC37919C2AE6CAC100963C90;
			remoteInfo = Avonya;
		};
/* End PBXContainerItemProxy section */

/* Begin PBXFileReference section */
		031FE772ECA958EACA43AF49 /* Pods-Avonya.release.xcconfig */ = {isa = PBXFileReference; includeInIndex = 1; lastKnownFileType = text.xcconfig; name = "Pods-Avonya.release.xcconfig"; path = "Target Support Files/Pods-Avonya/Pods-Avonya.release.xcconfig"; sourceTree = "<group>"; };
		55CC1472DACA35C96A1FDFC2 /* Pods-Avonya-AvonyaUITests.release.xcconfig */ = {isa = PBXFileReference; includeInIndex = 1; lastKnownFileType = text.xcconfig; name = "Pods-Avonya-AvonyaUITests.release.xcconfig"; path = "Target Support Files/Pods-Avonya-AvonyaUITests/Pods-Avonya-AvonyaUITests.release.xcconfig"; sourceTree = "<group>"; };
		6413250D2D41E503976B7BB6 /* Pods-AvonyaTests.release.xcconfig */ = {isa = PBXFileReference; includeInIndex = 1; lastKnownFileType = text.xcconfig; name = "Pods-AvonyaTests.release.xcconfig"; path = "Target Support Files/Pods-AvonyaTests/Pods-AvonyaTests.release.xcconfig"; sourceTree = "<group>"; };
		8147EC158433AFA00C60C9E4 /* Pods-Avonya-AvonyaUITests.debug.xcconfig */ = {isa = PBXFileReference; includeInIndex = 1; lastKnownFileType = text.xcconfig; name = "Pods-Avonya-AvonyaUITests.debug.xcconfig"; path = "Target Support Files/Pods-Avonya-AvonyaUITests/Pods-Avonya-AvonyaUITests.debug.xcconfig"; sourceTree = "<group>"; };
		83B9EB3D6BF964977150503B /* Pods_AvonyaTests.framework */ = {isa = PBXFileReference; explicitFileType = wrapper.framework; includeInIndex = 0; path = Pods_AvonyaTests.framework; sourceTree = BUILT_PRODUCTS_DIR; };
		9013D9CAF2BA4553D5805E33 /* Pods_Avonya.framework */ = {isa = PBXFileReference; explicitFileType = wrapper.framework; includeInIndex = 0; path = Pods_Avonya.framework; sourceTree = BUILT_PRODUCTS_DIR; };
		9EE5CAAE7ECE8B1CA0807E0A /* Pods_Avonya_AvonyaUITests.framework */ = {isa = PBXFileReference; explicitFileType = wrapper.framework; includeInIndex = 0; path = Pods_Avonya_AvonyaUITests.framework; sourceTree = BUILT_PRODUCTS_DIR; };
		BE7B373BFB3F3D5E66FD9A5F /* Pods-Avonya.debug.xcconfig */ = {isa = PBXFileReference; includeInIndex = 1; lastKnownFileType = text.xcconfig; name = "Pods-Avonya.debug.xcconfig"; path = "Target Support Files/Pods-Avonya/Pods-Avonya.debug.xcconfig"; sourceTree = "<group>"; };
		CC37919D2AE6CAC100963C90 /* Avonya.app */ = {isa = PBXFileReference; explicitFileType = wrapper.application; includeInIndex = 0; path = Avonya.app; sourceTree = BUILT_PRODUCTS_DIR; };
		CC3791A02AE6CAC100963C90 /* AppDelegate.swift */ = {isa = PBXFileReference; lastKnownFileType = sourcecode.swift; path = AppDelegate.swift; sourceTree = "<group>"; };
		CC3791A22AE6CAC100963C90 /* SceneDelegate.swift */ = {isa = PBXFileReference; lastKnownFileType = sourcecode.swift; path = SceneDelegate.swift; sourceTree = "<group>"; };
		CC3791A42AE6CAC100963C90 /* ViewController.swift */ = {isa = PBXFileReference; lastKnownFileType = sourcecode.swift; path = ViewController.swift; sourceTree = "<group>"; };
		CC3791A72AE6CAC100963C90 /* Base */ = {isa = PBXFileReference; lastKnownFileType = file.storyboard; name = Base; path = Base.lproj/Main.storyboard; sourceTree = "<group>"; };
		CC3791A92AE6CAC500963C90 /* Assets.xcassets */ = {isa = PBXFileReference; lastKnownFileType = folder.assetcatalog; path = Assets.xcassets; sourceTree = "<group>"; };
		CC3791AC2AE6CAC500963C90 /* Base */ = {isa = PBXFileReference; lastKnownFileType = file.storyboard; name = Base; path = Base.lproj/LaunchScreen.storyboard; sourceTree = "<group>"; };
		CC3791AE2AE6CAC500963C90 /* Info.plist */ = {isa = PBXFileReference; lastKnownFileType = text.plist.xml; path = Info.plist; sourceTree = "<group>"; };
		CC3791B32AE6CAC500963C90 /* AvonyaTests.xctest */ = {isa = PBXFileReference; explicitFileType = wrapper.cfbundle; includeInIndex = 0; path = AvonyaTests.xctest; sourceTree = BUILT_PRODUCTS_DIR; };
		CC3791B72AE6CAC500963C90 /* AvonyaTests.swift */ = {isa = PBXFileReference; lastKnownFileType = sourcecode.swift; path = AvonyaTests.swift; sourceTree = "<group>"; };
		CC3791BD2AE6CAC500963C90 /* AvonyaUITests.xctest */ = {isa = PBXFileReference; explicitFileType = wrapper.cfbundle; includeInIndex = 0; path = AvonyaUITests.xctest; sourceTree = BUILT_PRODUCTS_DIR; };
		CC3791C12AE6CAC500963C90 /* AvonyaUITests.swift */ = {isa = PBXFileReference; lastKnownFileType = sourcecode.swift; path = AvonyaUITests.swift; sourceTree = "<group>"; };
		CC3791C32AE6CAC500963C90 /* AvonyaUITestsLaunchTests.swift */ = {isa = PBXFileReference; lastKnownFileType = sourcecode.swift; path = AvonyaUITestsLaunchTests.swift; sourceTree = "<group>"; };
		CC3791D22AE6CF7000963C90 /* Mandelbrot_sequence_new.gif */ = {isa = PBXFileReference; lastKnownFileType = image.gif; path = Mandelbrot_sequence_new.gif; sourceTree = "<group>"; };
		D9F35CF82EADEE16EF0D3BF4 /* Pods-AvonyaTests.debug.xcconfig */ = {isa = PBXFileReference; includeInIndex = 1; lastKnownFileType = text.xcconfig; name = "Pods-AvonyaTests.debug.xcconfig"; path = "Target Support Files/Pods-AvonyaTests/Pods-AvonyaTests.debug.xcconfig"; sourceTree = "<group>"; };
/* End PBXFileReference section */

/* Begin PBXFrameworksBuildPhase section */
		CC37919A2AE6CAC100963C90 /* Frameworks */ = {
			isa = PBXFrameworksBuildPhase;
			buildActionMask = 2147483647;
			files = (
				93A1FBE2EB3D301457074CDD /* Pods_Avonya.framework in Frameworks */,
			);
			runOnlyForDeploymentPostprocessing = 0;
		};
		CC3791B02AE6CAC500963C90 /* Frameworks */ = {
			isa = PBXFrameworksBuildPhase;
			buildActionMask = 2147483647;
			files = (
				50C9185F262CDC7B8713F6AC /* Pods_AvonyaTests.framework in Frameworks */,
			);
			runOnlyForDeploymentPostprocessing = 0;
		};
		CC3791BA2AE6CAC500963C90 /* Frameworks */ = {
			isa = PBXFrameworksBuildPhase;
			buildActionMask = 2147483647;
			files = (
				8E27A5E45B618926153D3518 /* Pods_Avonya_AvonyaUITests.framework in Frameworks */,
			);
			runOnlyForDeploymentPostprocessing = 0;
		};
/* End PBXFrameworksBuildPhase section */

/* Begin PBXGroup section */
		44974135B4F9A8D39827BA85 /* Pods */ = {
			isa = PBXGroup;
			children = (
				BE7B373BFB3F3D5E66FD9A5F /* Pods-Avonya.debug.xcconfig */,
				031FE772ECA958EACA43AF49 /* Pods-Avonya.release.xcconfig */,
				8147EC158433AFA00C60C9E4 /* Pods-Avonya-AvonyaUITests.debug.xcconfig */,
				55CC1472DACA35C96A1FDFC2 /* Pods-Avonya-AvonyaUITests.release.xcconfig */,
				D9F35CF82EADEE16EF0D3BF4 /* Pods-AvonyaTests.debug.xcconfig */,
				6413250D2D41E503976B7BB6 /* Pods-AvonyaTests.release.xcconfig */,
			);
			path = Pods;
			sourceTree = "<group>";
		};
		CC3791942AE6CAC100963C90 = {
			isa = PBXGroup;
			children = (
				CC37919F2AE6CAC100963C90 /* Avonya */,
				CC3791B62AE6CAC500963C90 /* AvonyaTests */,
				CC3791C02AE6CAC500963C90 /* AvonyaUITests */,
				CC37919E2AE6CAC100963C90 /* Products */,
				44974135B4F9A8D39827BA85 /* Pods */,
				D4BA0E0E9B66D51496FB72BA /* Frameworks */,
			);
			sourceTree = "<group>";
		};
		CC37919E2AE6CAC100963C90 /* Products */ = {
			isa = PBXGroup;
			children = (
				CC37919D2AE6CAC100963C90 /* Avonya.app */,
				CC3791B32AE6CAC500963C90 /* AvonyaTests.xctest */,
				CC3791BD2AE6CAC500963C90 /* AvonyaUITests.xctest */,
			);
			name = Products;
			sourceTree = "<group>";
		};
		CC37919F2AE6CAC100963C90 /* Avonya */ = {
			isa = PBXGroup;
			children = (
				CC3791A02AE6CAC100963C90 /* AppDelegate.swift */,
				CC3791A22AE6CAC100963C90 /* SceneDelegate.swift */,
				CC3791A42AE6CAC100963C90 /* ViewController.swift */,
				CC3791A62AE6CAC100963C90 /* Main.storyboard */,
				CC3791A92AE6CAC500963C90 /* Assets.xcassets */,
				CC3791AB2AE6CAC500963C90 /* LaunchScreen.storyboard */,
				CC3791AE2AE6CAC500963C90 /* Info.plist */,
				CC3791D22AE6CF7000963C90 /* Mandelbrot_sequence_new.gif */,
			);
			path = Avonya;
			sourceTree = "<group>";
		};
		CC3791B62AE6CAC500963C90 /* AvonyaTests */ = {
			isa = PBXGroup;
			children = (
				CC3791B72AE6CAC500963C90 /* AvonyaTests.swift */,
			);
			path = AvonyaTests;
			sourceTree = "<group>";
		};
		CC3791C02AE6CAC500963C90 /* AvonyaUITests */ = {
			isa = PBXGroup;
			children = (
				CC3791C12AE6CAC500963C90 /* AvonyaUITests.swift */,
				CC3791C32AE6CAC500963C90 /* AvonyaUITestsLaunchTests.swift */,
			);
			path = AvonyaUITests;
			sourceTree = "<group>";
		};
		D4BA0E0E9B66D51496FB72BA /* Frameworks */ = {
			isa = PBXGroup;
			children = (
				9013D9CAF2BA4553D5805E33 /* Pods_Avonya.framework */,
				9EE5CAAE7ECE8B1CA0807E0A /* Pods_Avonya_AvonyaUITests.framework */,
				83B9EB3D6BF964977150503B /* Pods_AvonyaTests.framework */,
			);
			name = Frameworks;
			sourceTree = "<group>";
		};
/* End PBXGroup section */

/* Begin PBXNativeTarget section */
		CC37919C2AE6CAC100963C90 /* Avonya */ = {
			isa = PBXNativeTarget;
			buildConfigurationList = CC3791C72AE6CAC500963C90 /* Build configuration list for PBXNativeTarget "Avonya" */;
			buildPhases = (
				1B3CDF6082BE92A924455275 /* [CP] Check Pods Manifest.lock */,
				CC3791992AE6CAC100963C90 /* Sources */,
				CC37919A2AE6CAC100963C90 /* Frameworks */,
				CC37919B2AE6CAC100963C90 /* Resources */,
				D8A0D78496BBCC0A59BCBB2E /* [CP] Embed Pods Frameworks */,
			);
			buildRules = (
			);
			dependencies = (
			);
			name = Avonya;
			productName = Avonya;
			productReference = CC37919D2AE6CAC100963C90 /* Avonya.app */;
			productType = "com.apple.product-type.application";
		};
		CC3791B22AE6CAC500963C90 /* AvonyaTests */ = {
			isa = PBXNativeTarget;
			buildConfigurationList = CC3791CA2AE6CAC500963C90 /* Build configuration list for PBXNativeTarget "AvonyaTests" */;
			buildPhases = (
				A79025D5A2373AAF30835FE0 /* [CP] Check Pods Manifest.lock */,
				CC3791AF2AE6CAC500963C90 /* Sources */,
				CC3791B02AE6CAC500963C90 /* Frameworks */,
				CC3791B12AE6CAC500963C90 /* Resources */,
			);
			buildRules = (
			);
			dependencies = (
				CC3791B52AE6CAC500963C90 /* PBXTargetDependency */,
			);
			name = AvonyaTests;
			productName = AvonyaTests;
			productReference = CC3791B32AE6CAC500963C90 /* AvonyaTests.xctest */;
			productType = "com.apple.product-type.bundle.unit-test";
		};
		CC3791BC2AE6CAC500963C90 /* AvonyaUITests */ = {
			isa = PBXNativeTarget;
			buildConfigurationList = CC3791CD2AE6CAC500963C90 /* Build configuration list for PBXNativeTarget "AvonyaUITests" */;
			buildPhases = (
				FC08C230E0630A27ED2578B9 /* [CP] Check Pods Manifest.lock */,
				CC3791B92AE6CAC500963C90 /* Sources */,
				CC3791BA2AE6CAC500963C90 /* Frameworks */,
				CC3791BB2AE6CAC500963C90 /* Resources */,
				1CFADB88D41175630F71FFB2 /* [CP] Embed Pods Frameworks */,
			);
			buildRules = (
			);
			dependencies = (
				CC3791BF2AE6CAC500963C90 /* PBXTargetDependency */,
			);
			name = AvonyaUITests;
			productName = AvonyaUITests;
			productReference = CC3791BD2AE6CAC500963C90 /* AvonyaUITests.xctest */;
			productType = "com.apple.product-type.bundle.ui-testing";
		};
/* End PBXNativeTarget section */

/* Begin PBXProject section */
		CC3791952AE6CAC100963C90 /* Project object */ = {
			isa = PBXProject;
			attributes = {
				BuildIndependentTargetsInParallel = 1;
				LastSwiftUpdateCheck = 1500;
				LastUpgradeCheck = 1500;
				TargetAttributes = {
					CC37919C2AE6CAC100963C90 = {
						CreatedOnToolsVersion = 15.0;
					};
					CC3791B22AE6CAC500963C90 = {
						CreatedOnToolsVersion = 15.0;
						TestTargetID = CC37919C2AE6CAC100963C90;
					};
					CC3791BC2AE6CAC500963C90 = {
						CreatedOnToolsVersion = 15.0;
						TestTargetID = CC37919C2AE6CAC100963C90;
					};
				};
			};
			buildConfigurationList = CC3791982AE6CAC100963C90 /* Build configuration list for PBXProject "Avonya" */;
			compatibilityVersion = "Xcode 14.0";
			developmentRegion = en;
			hasScannedForEncodings = 0;
			knownRegions = (
				en,
				Base,
			);
			mainGroup = CC3791942AE6CAC100963C90;
			productRefGroup = CC37919E2AE6CAC100963C90 /* Products */;
			projectDirPath = "";
			projectRoot = "";
			targets = (
				CC37919C2AE6CAC100963C90 /* Avonya */,
				CC3791B22AE6CAC500963C90 /* AvonyaTests */,
				CC3791BC2AE6CAC500963C90 /* AvonyaUITests */,
			);
		};
/* End PBXProject section */

/* Begin PBXResourcesBuildPhase section */
		CC37919B2AE6CAC100963C90 /* Resources */ = {
			isa = PBXResourcesBuildPhase;
			buildActionMask = 2147483647;
			files = (
				CC3791D32AE6CF7000963C90 /* Mandelbrot_sequence_new.gif in Resources */,
				CC3791AD2AE6CAC500963C90 /* LaunchScreen.storyboard in Resources */,
				CC3791AA2AE6CAC500963C90 /* Assets.xcassets in Resources */,
				CC3791A82AE6CAC100963C90 /* Main.storyboard in Resources */,
			);
			runOnlyForDeploymentPostprocessing = 0;
		};
		CC3791B12AE6CAC500963C90 /* Resources */ = {
			isa = PBXResourcesBuildPhase;
			buildActionMask = 2147483647;
			files = (
			);
			runOnlyForDeploymentPostprocessing = 0;
		};
		CC3791BB2AE6CAC500963C90 /* Resources */ = {
			isa = PBXResourcesBuildPhase;
			buildActionMask = 2147483647;
			files = (
			);
			runOnlyForDeploymentPostprocessing = 0;
		};
/* End PBXResourcesBuildPhase section */

/* Begin PBXShellScriptBuildPhase section */
		1B3CDF6082BE92A924455275 /* [CP] Check Pods Manifest.lock */ = {
			isa = PBXShellScriptBuildPhase;
			buildActionMask = 2147483647;
			files = (
			);
			inputFileListPaths = (
			);
			inputPaths = (
				"${PODS_PODFILE_DIR_PATH}/Podfile.lock",
				"${PODS_ROOT}/Manifest.lock",
			);
			name = "[CP] Check Pods Manifest.lock";
			outputFileListPaths = (
			);
			outputPaths = (
				"$(DERIVED_FILE_DIR)/Pods-Avonya-checkManifestLockResult.txt",
			);
			runOnlyForDeploymentPostprocessing = 0;
			shellPath = /bin/sh;
			shellScript = "diff \"${PODS_PODFILE_DIR_PATH}/Podfile.lock\" \"${PODS_ROOT}/Manifest.lock\" > /dev/null\nif [ $? != 0 ] ; then\n    # print error to STDERR\n    echo \"error: The sandbox is not in sync with the Podfile.lock. Run 'pod install' or update your CocoaPods installation.\" >&2\n    exit 1\nfi\n# This output is used by Xcode 'outputs' to avoid re-running this script phase.\necho \"SUCCESS\" > \"${SCRIPT_OUTPUT_FILE_0}\"\n";
			showEnvVarsInLog = 0;
		};
		1CFADB88D41175630F71FFB2 /* [CP] Embed Pods Frameworks */ = {
			isa = PBXShellScriptBuildPhase;
			buildActionMask = 2147483647;
			files = (
			);
			inputFileListPaths = (
				"${PODS_ROOT}/Target Support Files/Pods-Avonya-AvonyaUITests/Pods-Avonya-AvonyaUITests-frameworks-${CONFIGURATION}-input-files.xcfilelist",
			);
			name = "[CP] Embed Pods Frameworks";
			outputFileListPaths = (
				"${PODS_ROOT}/Target Support Files/Pods-Avonya-AvonyaUITests/Pods-Avonya-AvonyaUITests-frameworks-${CONFIGURATION}-output-files.xcfilelist",
			);
			runOnlyForDeploymentPostprocessing = 0;
			shellPath = /bin/sh;
			shellScript = "\"${PODS_ROOT}/Target Support Files/Pods-Avonya-AvonyaUITests/Pods-Avonya-AvonyaUITests-frameworks.sh\"\n";
			showEnvVarsInLog = 0;
		};
		A79025D5A2373AAF30835FE0 /* [CP] Check Pods Manifest.lock */ = {
			isa = PBXShellScriptBuildPhase;
			buildActionMask = 2147483647;
			files = (
			);
			inputFileListPaths = (
			);
			inputPaths = (
				"${PODS_PODFILE_DIR_PATH}/Podfile.lock",
				"${PODS_ROOT}/Manifest.lock",
			);
			name = "[CP] Check Pods Manifest.lock";
			outputFileListPaths = (
			);
			outputPaths = (
				"$(DERIVED_FILE_DIR)/Pods-AvonyaTests-checkManifestLockResult.txt",
			);
			runOnlyForDeploymentPostprocessing = 0;
			shellPath = /bin/sh;
			shellScript = "diff \"${PODS_PODFILE_DIR_PATH}/Podfile.lock\" \"${PODS_ROOT}/Manifest.lock\" > /dev/null\nif [ $? != 0 ] ; then\n    # print error to STDERR\n    echo \"error: The sandbox is not in sync with the Podfile.lock. Run 'pod install' or update your CocoaPods installation.\" >&2\n    exit 1\nfi\n# This output is used by Xcode 'outputs' to avoid re-running this script phase.\necho \"SUCCESS\" > \"${SCRIPT_OUTPUT_FILE_0}\"\n";
			showEnvVarsInLog = 0;
		};
		D8A0D78496BBCC0A59BCBB2E /* [CP] Embed Pods Frameworks */ = {
			isa = PBXShellScriptBuildPhase;
			buildActionMask = 2147483647;
			files = (
			);
			inputFileListPaths = (
				"${PODS_ROOT}/Target Support Files/Pods-Avonya/Pods-Avonya-frameworks-${CONFIGURATION}-input-files.xcfilelist",
			);
			name = "[CP] Embed Pods Frameworks";
			outputFileListPaths = (
				"${PODS_ROOT}/Target Support Files/Pods-Avonya/Pods-Avonya-frameworks-${CONFIGURATION}-output-files.xcfilelist",
			);
			runOnlyForDeploymentPostprocessing = 0;
			shellPath = /bin/sh;
			shellScript = "\"${PODS_ROOT}/Target Support Files/Pods-Avonya/Pods-Avonya-frameworks.sh\"\n";
			showEnvVarsInLog = 0;
		};
		FC08C230E0630A27ED2578B9 /* [CP] Check Pods Manifest.lock */ = {
			isa = PBXShellScriptBuildPhase;
			buildActionMask = 2147483647;
			files = (
			);
			inputFileListPaths = (
			);
			inputPaths = (
				"${PODS_PODFILE_DIR_PATH}/Podfile.lock",
				"${PODS_ROOT}/Manifest.lock",
			);
			name = "[CP] Check Pods Manifest.lock";
			outputFileListPaths = (
			);
			outputPaths = (
				"$(DERIVED_FILE_DIR)/Pods-Avonya-AvonyaUITests-checkManifestLockResult.txt",
			);
			runOnlyForDeploymentPostprocessing = 0;
			shellPath = /bin/sh;
			shellScript = "diff \"${PODS_PODFILE_DIR_PATH}/Podfile.lock\" \"${PODS_ROOT}/Manifest.lock\" > /dev/null\nif [ $? != 0 ] ; then\n    # print error to STDERR\n    echo \"error: The sandbox is not in sync with the Podfile.lock. Run 'pod install' or update your CocoaPods installation.\" >&2\n    exit 1\nfi\n# This output is used by Xcode 'outputs' to avoid re-running this script phase.\necho \"SUCCESS\" > \"${SCRIPT_OUTPUT_FILE_0}\"\n";
			showEnvVarsInLog = 0;
		};
/* End PBXShellScriptBuildPhase section */

/* Begin PBXSourcesBuildPhase section */
		CC3791992AE6CAC100963C90 /* Sources */ = {
			isa = PBXSourcesBuildPhase;
			buildActionMask = 2147483647;
			files = (
				CC3791A52AE6CAC100963C90 /* ViewController.swift in Sources */,
				CC3791A12AE6CAC100963C90 /* AppDelegate.swift in Sources */,
				CC3791A32AE6CAC100963C90 /* SceneDelegate.swift in Sources */,
			);
			runOnlyForDeploymentPostprocessing = 0;
		};
		CC3791AF2AE6CAC500963C90 /* Sources */ = {
			isa = PBXSourcesBuildPhase;
			buildActionMask = 2147483647;
			files = (
				CC3791B82AE6CAC500963C90 /* AvonyaTests.swift in Sources */,
			);
			runOnlyForDeploymentPostprocessing = 0;
		};
		CC3791B92AE6CAC500963C90 /* Sources */ = {
			isa = PBXSourcesBuildPhase;
			buildActionMask = 2147483647;
			files = (
				CC3791C42AE6CAC500963C90 /* AvonyaUITestsLaunchTests.swift in Sources */,
				CC3791C22AE6CAC500963C90 /* AvonyaUITests.swift in Sources */,
			);
			runOnlyForDeploymentPostprocessing = 0;
		};
/* End PBXSourcesBuildPhase section */

/* Begin PBXTargetDependency section */
		CC3791B52AE6CAC500963C90 /* PBXTargetDependency */ = {
			isa = PBXTargetDependency;
			target = CC37919C2AE6CAC100963C90 /* Avonya */;
			targetProxy = CC3791B42AE6CAC500963C90 /* PBXContainerItemProxy */;
		};
		CC3791BF2AE6CAC500963C90 /* PBXTargetDependency */ = {
			isa = PBXTargetDependency;
			target = CC37919C2AE6CAC100963C90 /* Avonya */;
			targetProxy = CC3791BE2AE6CAC500963C90 /* PBXContainerItemProxy */;
		};
/* End PBXTargetDependency section */

/* Begin PBXVariantGroup section */
		CC3791A62AE6CAC100963C90 /* Main.storyboard */ = {
			isa = PBXVariantGroup;
			children = (
				CC3791A72AE6CAC100963C90 /* Base */,
			);
			name = Main.storyboard;
			sourceTree = "<group>";
		};
		CC3791AB2AE6CAC500963C90 /* LaunchScreen.storyboard */ = {
			isa = PBXVariantGroup;
			children = (
				CC3791AC2AE6CAC500963C90 /* Base */,
			);
			name = LaunchScreen.storyboard;
			sourceTree = "<group>";
		};
/* End PBXVariantGroup section */

/* Begin XCBuildConfiguration section */
		CC3791C52AE6CAC500963C90 /* Debug */ = {
			isa = XCBuildConfiguration;
			buildSettings = {
				ALWAYS_SEARCH_USER_PATHS = NO;
				ASSETCATALOG_COMPILER_GENERATE_SWIFT_ASSET_SYMBOL_EXTENSIONS = YES;
				CLANG_ANALYZER_NONNULL = YES;
				CLANG_ANALYZER_NUMBER_OBJECT_CONVERSION = YES_AGGRESSIVE;
				CLANG_CXX_LANGUAGE_STANDARD = "gnu++20";
				CLANG_ENABLE_MODULES = YES;
				CLANG_ENABLE_OBJC_ARC = YES;
				CLANG_ENABLE_OBJC_WEAK = YES;
				CLANG_WARN_BLOCK_CAPTURE_AUTORELEASING = YES;
				CLANG_WARN_BOOL_CONVERSION = YES;
				CLANG_WARN_COMMA = YES;
				CLANG_WARN_CONSTANT_CONVERSION = YES;
				CLANG_WARN_DEPRECATED_OBJC_IMPLEMENTATIONS = YES;
				CLANG_WARN_DIRECT_OBJC_ISA_USAGE = YES_ERROR;
				CLANG_WARN_DOCUMENTATION_COMMENTS = YES;
				CLANG_WARN_EMPTY_BODY = YES;
				CLANG_WARN_ENUM_CONVERSION = YES;
				CLANG_WARN_INFINITE_RECURSION = YES;
				CLANG_WARN_INT_CONVERSION = YES;
				CLANG_WARN_NON_LITERAL_NULL_CONVERSION = YES;
				CLANG_WARN_OBJC_IMPLICIT_RETAIN_SELF = YES;
				CLANG_WARN_OBJC_LITERAL_CONVERSION = YES;
				CLANG_WARN_OBJC_ROOT_CLASS = YES_ERROR;
				CLANG_WARN_QUOTED_INCLUDE_IN_FRAMEWORK_HEADER = YES;
				CLANG_WARN_RANGE_LOOP_ANALYSIS = YES;
				CLANG_WARN_STRICT_PROTOTYPES = YES;
				CLANG_WARN_SUSPICIOUS_MOVE = YES;
				CLANG_WARN_UNGUARDED_AVAILABILITY = YES_AGGRESSIVE;
				CLANG_WARN_UNREACHABLE_CODE = YES;
				CLANG_WARN__DUPLICATE_METHOD_MATCH = YES;
				COPY_PHASE_STRIP = NO;
				DEBUG_INFORMATION_FORMAT = dwarf;
				ENABLE_STRICT_OBJC_MSGSEND = YES;
				ENABLE_TESTABILITY = YES;
				ENABLE_USER_SCRIPT_SANDBOXING = YES;
				GCC_C_LANGUAGE_STANDARD = gnu17;
				GCC_DYNAMIC_NO_PIC = NO;
				GCC_NO_COMMON_BLOCKS = YES;
				GCC_OPTIMIZATION_LEVEL = 0;
				GCC_PREPROCESSOR_DEFINITIONS = (
					"DEBUG=1",
					"$(inherited)",
				);
				GCC_WARN_64_TO_32_BIT_CONVERSION = YES;
				GCC_WARN_ABOUT_RETURN_TYPE = YES_ERROR;
				GCC_WARN_UNDECLARED_SELECTOR = YES;
				GCC_WARN_UNINITIALIZED_AUTOS = YES_AGGRESSIVE;
				GCC_WARN_UNUSED_FUNCTION = YES;
				GCC_WARN_UNUSED_VARIABLE = YES;
				IPHONEOS_DEPLOYMENT_TARGET = 17.0;
				LOCALIZATION_PREFERS_STRING_CATALOGS = YES;
				MTL_ENABLE_DEBUG_INFO = INCLUDE_SOURCE;
				MTL_FAST_MATH = YES;
				ONLY_ACTIVE_ARCH = YES;
				SDKROOT = iphoneos;
				SWIFT_ACTIVE_COMPILATION_CONDITIONS = "DEBUG $(inherited)";
				SWIFT_OPTIMIZATION_LEVEL = "-Onone";
			};
			name = Debug;
		};
		CC3791C62AE6CAC500963C90 /* Release */ = {
			isa = XCBuildConfiguration;
			buildSettings = {
				ALWAYS_SEARCH_USER_PATHS = NO;
				ASSETCATALOG_COMPILER_GENERATE_SWIFT_ASSET_SYMBOL_EXTENSIONS = YES;
				CLANG_ANALYZER_NONNULL = YES;
				CLANG_ANALYZER_NUMBER_OBJECT_CONVERSION = YES_AGGRESSIVE;
				CLANG_CXX_LANGUAGE_STANDARD = "gnu++20";
				CLANG_ENABLE_MODULES = YES;
				CLANG_ENABLE_OBJC_ARC = YES;
				CLANG_ENABLE_OBJC_WEAK = YES;
				CLANG_WARN_BLOCK_CAPTURE_AUTORELEASING = YES;
				CLANG_WARN_BOOL_CONVERSION = YES;
				CLANG_WARN_COMMA = YES;
				CLANG_WARN_CONSTANT_CONVERSION = YES;
				CLANG_WARN_DEPRECATED_OBJC_IMPLEMENTATIONS = YES;
				CLANG_WARN_DIRECT_OBJC_ISA_USAGE = YES_ERROR;
				CLANG_WARN_DOCUMENTATION_COMMENTS = YES;
				CLANG_WARN_EMPTY_BODY = YES;
				CLANG_WARN_ENUM_CONVERSION = YES;
				CLANG_WARN_INFINITE_RECURSION = YES;
				CLANG_WARN_INT_CONVERSION = YES;
				CLANG_WARN_NON_LITERAL_NULL_CONVERSION = YES;
				CLANG_WARN_OBJC_IMPLICIT_RETAIN_SELF = YES;
				CLANG_WARN_OBJC_LITERAL_CONVERSION = YES;
				CLANG_WARN_OBJC_ROOT_CLASS = YES_ERROR;
				CLANG_WARN_QUOTED_INCLUDE_IN_FRAMEWORK_HEADER = YES;
				CLANG_WARN_RANGE_LOOP_ANALYSIS = YES;
				CLANG_WARN_STRICT_PROTOTYPES = YES;
				CLANG_WARN_SUSPICIOUS_MOVE = YES;
				CLANG_WARN_UNGUARDED_AVAILABILITY = YES_AGGRESSIVE;
				CLANG_WARN_UNREACHABLE_CODE = YES;
				CLANG_WARN__DUPLICATE_METHOD_MATCH = YES;
				COPY_PHASE_STRIP = NO;
				DEBUG_INFORMATION_FORMAT = "dwarf-with-dsym";
				ENABLE_NS_ASSERTIONS = NO;
				ENABLE_STRICT_OBJC_MSGSEND = YES;
				ENABLE_USER_SCRIPT_SANDBOXING = YES;
				GCC_C_LANGUAGE_STANDARD = gnu17;
				GCC_NO_COMMON_BLOCKS = YES;
				GCC_WARN_64_TO_32_BIT_CONVERSION = YES;
				GCC_WARN_ABOUT_RETURN_TYPE = YES_ERROR;
				GCC_WARN_UNDECLARED_SELECTOR = YES;
				GCC_WARN_UNINITIALIZED_AUTOS = YES_AGGRESSIVE;
				GCC_WARN_UNUSED_FUNCTION = YES;
				GCC_WARN_UNUSED_VARIABLE = YES;
				IPHONEOS_DEPLOYMENT_TARGET = 17.0;
				LOCALIZATION_PREFERS_STRING_CATALOGS = YES;
				MTL_ENABLE_DEBUG_INFO = NO;
				MTL_FAST_MATH = YES;
				SDKROOT = iphoneos;
				SWIFT_COMPILATION_MODE = wholemodule;
				VALIDATE_PRODUCT = YES;
			};
			name = Release;
		};
		CC3791C82AE6CAC500963C90 /* Debug */ = {
			isa = XCBuildConfiguration;
			baseConfigurationReference = BE7B373BFB3F3D5E66FD9A5F /* Pods-Avonya.debug.xcconfig */;
			buildSettings = {
				ASSETCATALOG_COMPILER_APPICON_NAME = AppIcon;
				ASSETCATALOG_COMPILER_GLOBAL_ACCENT_COLOR_NAME = AccentColor;
				CODE_SIGN_STYLE = Automatic;
				CURRENT_PROJECT_VERSION = 1;
				ENABLE_USER_SCRIPT_SANDBOXING = NO;
				GENERATE_INFOPLIST_FILE = YES;
				INFOPLIST_FILE = Avonya/Info.plist;
				INFOPLIST_KEY_UIApplicationSupportsIndirectInputEvents = YES;
				INFOPLIST_KEY_UILaunchStoryboardName = LaunchScreen;
				INFOPLIST_KEY_UIMainStoryboardFile = Main;
				INFOPLIST_KEY_UISupportedInterfaceOrientations_iPad = "UIInterfaceOrientationPortrait UIInterfaceOrientationPortraitUpsideDown UIInterfaceOrientationLandscapeLeft UIInterfaceOrientationLandscapeRight";
				INFOPLIST_KEY_UISupportedInterfaceOrientations_iPhone = "UIInterfaceOrientationPortrait UIInterfaceOrientationLandscapeLeft UIInterfaceOrientationLandscapeRight";
				LD_RUNPATH_SEARCH_PATHS = (
					"$(inherited)",
					"@executable_path/Frameworks",
				);
				MARKETING_VERSION = 1.0;
				PRODUCT_BUNDLE_IDENTIFIER = Rajshree.Avonya;
				PRODUCT_NAME = "$(TARGET_NAME)";
				SWIFT_EMIT_LOC_STRINGS = YES;
				SWIFT_VERSION = 5.0;
				TARGETED_DEVICE_FAMILY = "1,2";
			};
			name = Debug;
		};
		CC3791C92AE6CAC500963C90 /* Release */ = {
			isa = XCBuildConfiguration;
			baseConfigurationReference = 031FE772ECA958EACA43AF49 /* Pods-Avonya.release.xcconfig */;
			buildSettings = {
				ASSETCATALOG_COMPILER_APPICON_NAME = AppIcon;
				ASSETCATALOG_COMPILER_GLOBAL_ACCENT_COLOR_NAME = AccentColor;
				CODE_SIGN_STYLE = Automatic;
				CURRENT_PROJECT_VERSION = 1;
				ENABLE_USER_SCRIPT_SANDBOXING = NO;
				GENERATE_INFOPLIST_FILE = YES;
				INFOPLIST_FILE = Avonya/Info.plist;
				INFOPLIST_KEY_UIApplicationSupportsIndirectInputEvents = YES;
				INFOPLIST_KEY_UILaunchStoryboardName = LaunchScreen;
				INFOPLIST_KEY_UIMainStoryboardFile = Main;
				INFOPLIST_KEY_UISupportedInterfaceOrientations_iPad = "UIInterfaceOrientationPortrait UIInterfaceOrientationPortraitUpsideDown UIInterfaceOrientationLandscapeLeft UIInterfaceOrientationLandscapeRight";
				INFOPLIST_KEY_UISupportedInterfaceOrientations_iPhone = "UIInterfaceOrientationPortrait UIInterfaceOrientationLandscapeLeft UIInterfaceOrientationLandscapeRight";
				LD_RUNPATH_SEARCH_PATHS = (
					"$(inherited)",
					"@executable_path/Frameworks",
				);
				MARKETING_VERSION = 1.0;
				PRODUCT_BUNDLE_IDENTIFIER = Rajshree.Avonya;
				PRODUCT_NAME = "$(TARGET_NAME)";
				SWIFT_EMIT_LOC_STRINGS = YES;
				SWIFT_VERSION = 5.0;
				TARGETED_DEVICE_FAMILY = "1,2";
			};
			name = Release;
		};
		CC3791CB2AE6CAC500963C90 /* Debug */ = {
			isa = XCBuildConfiguration;
			baseConfigurationReference = D9F35CF82EADEE16EF0D3BF4 /* Pods-AvonyaTests.debug.xcconfig */;
			buildSettings = {
				ALWAYS_EMBED_SWIFT_STANDARD_LIBRARIES = YES;
				BUNDLE_LOADER = "$(TEST_HOST)";
				CODE_SIGN_STYLE = Automatic;
				CURRENT_PROJECT_VERSION = 1;
				GENERATE_INFOPLIST_FILE = YES;
				IPHONEOS_DEPLOYMENT_TARGET = 17.0;
				MARKETING_VERSION = 1.0;
				PRODUCT_BUNDLE_IDENTIFIER = Rajshree.AvonyaTests;
				PRODUCT_NAME = "$(TARGET_NAME)";
				SWIFT_EMIT_LOC_STRINGS = NO;
				SWIFT_VERSION = 5.0;
				TARGETED_DEVICE_FAMILY = "1,2";
				TEST_HOST = "$(BUILT_PRODUCTS_DIR)/Avonya.app/$(BUNDLE_EXECUTABLE_FOLDER_PATH)/Avonya";
			};
			name = Debug;
		};
		CC3791CC2AE6CAC500963C90 /* Release */ = {
			isa = XCBuildConfiguration;
			baseConfigurationReference = 6413250D2D41E503976B7BB6 /* Pods-AvonyaTests.release.xcconfig */;
			buildSettings = {
				ALWAYS_EMBED_SWIFT_STANDARD_LIBRARIES = YES;
				BUNDLE_LOADER = "$(TEST_HOST)";
				CODE_SIGN_STYLE = Automatic;
				CURRENT_PROJECT_VERSION = 1;
				GENERATE_INFOPLIST_FILE = YES;
				IPHONEOS_DEPLOYMENT_TARGET = 17.0;
				MARKETING_VERSION = 1.0;
				PRODUCT_BUNDLE_IDENTIFIER = Rajshree.AvonyaTests;
				PRODUCT_NAME = "$(TARGET_NAME)";
				SWIFT_EMIT_LOC_STRINGS = NO;
				SWIFT_VERSION = 5.0;
				TARGETED_DEVICE_FAMILY = "1,2";
				TEST_HOST = "$(BUILT_PRODUCTS_DIR)/Avonya.app/$(BUNDLE_EXECUTABLE_FOLDER_PATH)/Avonya";
			};
			name = Release;
		};
		CC3791CE2AE6CAC500963C90 /* Debug */ = {
			isa = XCBuildConfiguration;
			baseConfigurationReference = 8147EC158433AFA00C60C9E4 /* Pods-Avonya-AvonyaUITests.debug.xcconfig */;
			buildSettings = {
				ALWAYS_EMBED_SWIFT_STANDARD_LIBRARIES = YES;
				CODE_SIGN_STYLE = Automatic;
				CURRENT_PROJECT_VERSION = 1;
				GENERATE_INFOPLIST_FILE = YES;
				MARKETING_VERSION = 1.0;
				PRODUCT_BUNDLE_IDENTIFIER = Rajshree.AvonyaUITests;
				PRODUCT_NAME = "$(TARGET_NAME)";
				SWIFT_EMIT_LOC_STRINGS = NO;
				SWIFT_VERSION = 5.0;
				TARGETED_DEVICE_FAMILY = "1,2";
				TEST_TARGET_NAME = Avonya;
			};
			name = Debug;
		};
		CC3791CF2AE6CAC500963C90 /* Release */ = {
			isa = XCBuildConfiguration;
			baseConfigurationReference = 55CC1472DACA35C96A1FDFC2 /* Pods-Avonya-AvonyaUITests.release.xcconfig */;
			buildSettings = {
				ALWAYS_EMBED_SWIFT_STANDARD_LIBRARIES = YES;
				CODE_SIGN_STYLE = Automatic;
				CURRENT_PROJECT_VERSION = 1;
				GENERATE_INFOPLIST_FILE = YES;
				MARKETING_VERSION = 1.0;
				PRODUCT_BUNDLE_IDENTIFIER = Rajshree.AvonyaUITests;
				PRODUCT_NAME = "$(TARGET_NAME)";
				SWIFT_EMIT_LOC_STRINGS = NO;
				SWIFT_VERSION = 5.0;
				TARGETED_DEVICE_FAMILY = "1,2";
				TEST_TARGET_NAME = Avonya;
			};
			name = Release;
		};
/* End XCBuildConfiguration section */

/* Begin XCConfigurationList section */
		CC3791982AE6CAC100963C90 /* Build configuration list for PBXProject "Avonya" */ = {
			isa = XCConfigurationList;
			buildConfigurations = (
				CC3791C52AE6CAC500963C90 /* Debug */,
				CC3791C62AE6CAC500963C90 /* Release */,
			);
			defaultConfigurationIsVisible = 0;
			defaultConfigurationName = Release;
		};
		CC3791C72AE6CAC500963C90 /* Build configuration list for PBXNativeTarget "Avonya" */ = {
			isa = XCConfigurationList;
			buildConfigurations = (
				CC3791C82AE6CAC500963C90 /* Debug */,
				CC3791C92AE6CAC500963C90 /* Release */,
			);
			defaultConfigurationIsVisible = 0;
			defaultConfigurationName = Release;
		};
		CC3791CA2AE6CAC500963C90 /* Build configuration list for PBXNativeTarget "AvonyaTests" */ = {
			isa = XCConfigurationList;
			buildConfigurations = (
				CC3791CB2AE6CAC500963C90 /* Debug */,
				CC3791CC2AE6CAC500963C90 /* Release */,
			);
			defaultConfigurationIsVisible = 0;
			defaultConfigurationName = Release;
		};
		CC3791CD2AE6CAC500963C90 /* Build configuration list for PBXNativeTarget "AvonyaUITests" */ = {
			isa = XCConfigurationList;
			buildConfigurations = (
				CC3791CE2AE6CAC500963C90 /* Debug */,
				CC3791CF2AE6CAC500963C90 /* Release */,
			);
			defaultConfigurationIsVisible = 0;
			defaultConfigurationName = Release;
		};
/* End XCConfigurationList section */
	};
	rootObject = CC3791952AE6CAC100963C90 /* Project object */;
}
